
Microsoft Visual Studio Solution File, Format Version 12.00
# Visual Studio 2013
VisualStudioVersion = 12.0.30723.0
MinimumVisualStudioVersion = 10.0.40219.1
Project("{FAE04EC0-301F-11D3-BF4B-00C04F79EFBC}") = "WebMetaverse", "WebMetaverse\WebMetaverse.csproj", "{CFDFC42A-BC36-4449-80A0-8A05C1FF2BE9}"
EndProject
Global
	GlobalSection(SolutionConfigurationPlatforms) = preSolution
		Debug|Any CPU = Debug|Any CPU
		Release|Any CPU = Release|Any CPU
		SingleFile|Any CPU = SingleFile|Any CPU
	EndGlobalSection
	GlobalSection(ProjectConfigurationPlatforms) = postSolution
		{CFDFC42A-BC36-4449-80A0-8A05C1FF2BE9}.Debug|Any CPU.ActiveCfg = Debug|Any CPU
		{CFDFC42A-BC36-4449-80A0-8A05C1FF2BE9}.Debug|Any CPU.Build.0 = Debug|Any CPU
		{CFDFC42A-BC36-4449-80A0-8A05C1FF2BE9}.Release|Any CPU.ActiveCfg = Release|Any CPU
		{CFDFC42A-BC36-4449-80A0-8A05C1FF2BE9}.Release|Any CPU.Build.0 = Release|Any CPU
		{CFDFC42A-BC36-4449-80A0-8A05C1FF2BE9}.SingleFile|Any CPU.ActiveCfg = SingleFile|Any CPU
		{CFDFC42A-BC36-4449-80A0-8A05C1FF2BE9}.SingleFile|Any CPU.Build.0 = SingleFile|Any CPU
	EndGlobalSection
	GlobalSection(SolutionProperties) = preSolution
		HideSolutionNode = FALSE
	EndGlobalSection
EndGlobal
